
Microsoft Visual Studio Solution File, Format Version 12.00
# Visual Studio 2013
VisualStudioVersion = 12.0.30501.0
MinimumVisualStudioVersion = 10.0.40219.1
Project("{FAE04EC0-301F-11D3-BF4B-00C04F79EFBC}") = "DRM_Website", "DRM\DRM_Website.csproj", "{25274EBD-D4B9-4123-B1D7-F79437544482}"
EndProject
Project("{FAE04EC0-301F-11D3-BF4B-00C04F79EFBC}") = "DRM_Models", "DRM_Models\DRM_Models.csproj", "{6949BF27-1875-4BAD-9FD6-D49EEE2C90F3}"
EndProject
Project("{FAE04EC0-301F-11D3-BF4B-00C04F79EFBC}") = "DRM_ViewModels", "DRM_ViewModels\DRM_ViewModels.csproj", "{A4B74540-A3C2-4830-81C6-83705C8F05F3}"
EndProject
Global
	GlobalSection(SolutionConfigurationPlatforms) = preSolution
		Debug|Any CPU = Debug|Any CPU
		Release|Any CPU = Release|Any CPU
	EndGlobalSection
	GlobalSection(ProjectConfigurationPlatforms) = postSolution
		{25274EBD-D4B9-4123-B1D7-F79437544482}.Debug|Any CPU.ActiveCfg = Debug|Any CPU
		{25274EBD-D4B9-4123-B1D7-F79437544482}.Debug|Any CPU.Build.0 = Debug|Any CPU
		{25274EBD-D4B9-4123-B1D7-F79437544482}.Release|Any CPU.ActiveCfg = Release|Any CPU
		{25274EBD-D4B9-4123-B1D7-F79437544482}.Release|Any CPU.Build.0 = Release|Any CPU
		{6949BF27-1875-4BAD-9FD6-D49EEE2C90F3}.Debug|Any CPU.ActiveCfg = Debug|Any CPU
		{6949BF27-1875-4BAD-9FD6-D49EEE2C90F3}.Debug|Any CPU.Build.0 = Debug|Any CPU
		{6949BF27-1875-4BAD-9FD6-D49EEE2C90F3}.Release|Any CPU.ActiveCfg = Release|Any CPU
		{6949BF27-1875-4BAD-9FD6-D49EEE2C90F3}.Release|Any CPU.Build.0 = Release|Any CPU
		{A4B74540-A3C2-4830-81C6-83705C8F05F3}.Debug|Any CPU.ActiveCfg = Debug|Any CPU
		{A4B74540-A3C2-4830-81C6-83705C8F05F3}.Debug|Any CPU.Build.0 = Debug|Any CPU
		{A4B74540-A3C2-4830-81C6-83705C8F05F3}.Release|Any CPU.ActiveCfg = Release|Any CPU
		{A4B74540-A3C2-4830-81C6-83705C8F05F3}.Release|Any CPU.Build.0 = Release|Any CPU
	EndGlobalSection
	GlobalSection(SolutionProperties) = preSolution
		HideSolutionNode = FALSE
	EndGlobalSection
EndGlobal
